PODS:
  - ByteowlsCapacitorOauth2 (4.0.2):
    - Capacitor
    - OAuthSwift (= 2.2.0)
  - Capacitor (5.2.3):
    - CapacitorCordova
  - CapacitorActionSheet (5.0.6):
    - Capacitor
  - CapacitorApp (5.0.6):
    - Capacitor
  - CapacitorCommunityBarcodeScanner (4.0.1):
    - Capacitor
  - CapacitorCommunityBluetoothLe (2.2.3):
    - Capacitor
  - CapacitorCordova (5.2.3)
  - CapacitorHaptics (5.0.6):
    - Capacitor
  - CapacitorKeyboard (5.0.6):
    - Capacitor
  - CapacitorSecureStoragePlugin (0.8.1):
    - Capacitor
    - SwiftKeychainWrapper
  - CapacitorSplashScreen (5.0.6):
    - Capacitor
  - CapacitorStatusBar (5.0.6):
    - Capacitor
  - CordovaPlugins (5.2.3):
    - CapacitorCordova
  - OAuthSwift (2.2.0)
  - Sentry/HybridSDK (8.8.0):
    - SentryPrivate (= 8.8.0)
  - SentryCapacitor (0.12.2):
    - Capacitor
    - Sentry/HybridSDK (= 8.8.0)
  - SentryPrivate (8.8.0)
  - SwiftKeychainWrapper (4.0.1)
  - UncodedLimitedConnect (0.0.21):
    - Capacitor

DEPENDENCIES:
  - "ByteowlsCapacitorOauth2 (from `../../node_modules/@byteowls/capacitor-oauth2`)"
  - "Capacitor (from `../../node_modules/@capacitor/ios`)"
  - "CapacitorActionSheet (from `../../node_modules/@capacitor/action-sheet`)"
  - "CapacitorApp (from `../../node_modules/@capacitor/app`)"
  - "CapacitorCommunityBarcodeScanner (from `../../node_modules/@capacitor-community/barcode-scanner`)"
  - "CapacitorCommunityBluetoothLe (from `../../node_modules/@capacitor-community/bluetooth-le`)"
  - "CapacitorCordova (from `../../node_modules/@capacitor/ios`)"
  - "CapacitorHaptics (from `../../node_modules/@capacitor/haptics`)"
  - "CapacitorKeyboard (from `../../node_modules/@capacitor/keyboard`)"
  - CapacitorSecureStoragePlugin (from `../../node_modules/capacitor-secure-storage-plugin`)
  - "CapacitorSplashScreen (from `../../node_modules/@capacitor/splash-screen`)"
  - "CapacitorStatusBar (from `../../node_modules/@capacitor/status-bar`)"
  - CordovaPlugins (from `../capacitor-cordova-ios-plugins`)
  - "SentryCapacitor (from `../../node_modules/@sentry/capacitor`)"
  - "UncodedLimitedConnect (from `../../node_modules/@uncoded-limited/connect`)"

SPEC REPOS:
  trunk:
    - OAuthSwift
    - Sentry
    - SentryPrivate
    - SwiftKeychainWrapper

EXTERNAL SOURCES:
  ByteowlsCapacitorOauth2:
    :path: "../../node_modules/@byteowls/capacitor-oauth2"
  Capacitor:
    :path: "../../node_modules/@capacitor/ios"
  CapacitorActionSheet:
    :path: "../../node_modules/@capacitor/action-sheet"
  CapacitorApp:
    :path: "../../node_modules/@capacitor/app"
  CapacitorCommunityBarcodeScanner:
    :path: "../../node_modules/@capacitor-community/barcode-scanner"
  CapacitorCommunityBluetoothLe:
    :path: "../../node_modules/@capacitor-community/bluetooth-le"
  CapacitorCordova:
    :path: "../../node_modules/@capacitor/ios"
  CapacitorHaptics:
    :path: "../../node_modules/@capacitor/haptics"
  CapacitorKeyboard:
    :path: "../../node_modules/@capacitor/keyboard"
  CapacitorSecureStoragePlugin:
    :path: "../../node_modules/capacitor-secure-storage-plugin"
  CapacitorSplashScreen:
    :path: "../../node_modules/@capacitor/splash-screen"
  CapacitorStatusBar:
    :path: "../../node_modules/@capacitor/status-bar"
  CordovaPlugins:
    :path: "../capacitor-cordova-ios-plugins"
  SentryCapacitor:
    :path: "../../node_modules/@sentry/capacitor"
  UncodedLimitedConnect:
    :path: "../../node_modules/@uncoded-limited/connect"

SPEC CHECKSUMS:
  ByteowlsCapacitorOauth2: 86f9a61aa413119226b12aabc5d03f185e9e1d28
  Capacitor: 6f44cbc33839b8a4202b8eac97041fe584083417
  CapacitorActionSheet: ffcdc28d01d731661745efd5cb75f9117e18530e
  CapacitorApp: 024e1b1bea5f883d79f6330d309bc441c88ad04a
  CapacitorCommunityBarcodeScanner: 7feb206489c8555a8ca0c74c57ddf49ead774eb8
  CapacitorCommunityBluetoothLe: 7de4f21022a05b15195abfb002872884d00715fc
  CapacitorCordova: 35def3ebfdef491f0a7b652816eb873ff4b20bbf
  CapacitorHaptics: 1fffc1217c7e64a472d7845be50fb0c2f7d4204c
  CapacitorKeyboard: b978154b024a5f65e044908e37d15b7de58b9d12
  CapacitorSecureStoragePlugin: e616d090177dfbf9754dd1bdb515a8f23855bf4e
  CapacitorSplashScreen: 5fa2ab5e46cf5cc530cf16a51c80c7a986579ccd
  CapacitorStatusBar: 565c0a1ebd79bb40d797606a8992b4a105885309
  CordovaPlugins: 4d283ed074457e548ed1f121c06fcd80d3e533e2
  OAuthSwift: 75efbb5bd9a4b2b71a37bd7e986bf3f55ddd54c6
  Sentry: 927dfb29d18a14d924229a59cc2ad149f43349f2
  SentryCapacitor: dfb6be40c56dc29689eb3d587b8f134b15c26ef6
  SentryPrivate: 4350d865f898224ab9fa02b37d6ee7fbb623f47e
  SwiftKeychainWrapper: 807ba1d63c33a7d0613288512399cd1eda1e470c
  UncodedLimitedConnect: 7240533342441407e604112575d8a0a8ddab4895

PODFILE CHECKSUM: e18efb5103611133e5a2b8d77098d04f3fc3f84e

COCOAPODS: 1.12.0
